<?xml version="1.0" encoding="utf-8"?>
<Project ToolsVersion="4.0" xmlns="http://schemas.microsoft.com/developer/msbuild/2003">
  <ItemGroup>
    <Filter Include="File di origine">
      <UniqueIdentifier>{4FC737F1-C7A5-4376-A066-2A32D752A2FF}</UniqueIdentifier>
      <Extensions>cpp;c;cc;cxx;def;odl;idl;hpj;bat;asm;asmx</Extensions>
    </Filter>
    <Filter Include="File di intestazione">
      <UniqueIdentifier>{93995380-89BD-4b04-88EB-625FBE52EBFB}</UniqueIdentifier>
      <Extensions>h;hpp;hxx;hm;inl;inc;xsd</Extensions>
    </Filter>
    <Filter Include="File di risorse">
      <UniqueIdentifier>{67DA6AB6-F800-4c08-8B7A-83BB121AAD01}</UniqueIdentifier>
      <Extensions>rc;ico;cur;bmp;dlg;rc2;rct;bin;rgs;gif;jpg;jpeg;jpe;resx;tiff;tif;png;wav;mfcribbon-ms</Extensions>
    </Filter>
  </ItemGroup>
  <ItemGroup>
    <ClCompile Include="MyForm.cpp">
      <Filter>File di origine</Filter>
    </ClCompile>
    <ClCompile Include="tomWriterTraceListener.cpp">
      <Filter>File di origine</Filter>
    </ClCompile>
    <ClCompile Include="main.cpp">
      <Filter>File di origine</Filter>
    </ClCompile>
    <ClCompile Include="Form1.cpp">
      <Filter>File di origine</Filter>
    </ClCompile>
    <ClCompile Include="Messaggi.cpp">
      <Filter>File di origine</Filter>
    </ClCompile>
    <ClCompile Include="pacchettoAcknowledgement.cpp">
      <Filter>File di origine</Filter>
    </ClCompile>
    <ClCompile Include="pacchettoComandoBlocco.cpp">
      <Filter>File di origine</Filter>
    </ClCompile>
    <ClCompile Include="pacchettoComandoItinerari.cpp">
      <Filter>File di origine</Filter>
    </ClCompile>
    <ClCompile Include="pacchettoCommandData.cpp">
      <Filter>File di origine</Filter>
    </ClCompile>
    <ClCompile Include="pacchettoEnd.cpp">
      <Filter>File di origine</Filter>
    </ClCompile>
    <ClCompile Include="pacchettoFaultData.cpp">
      <Filter>File di origine</Filter>
    </ClCompile>
    <ClCompile Include="pacchettopresentazione.cpp">
      <Filter>File di origine</Filter>
    </ClCompile>
    <ClCompile Include="pacchettoStatoBlocco.cpp">
      <Filter>File di origine</Filter>
    </ClCompile>
    <ClCompile Include="pacchettoStatoItinerario.cpp">
      <Filter>File di origine</Filter>
    </ClCompile>
    <ClCompile Include="pacchettostatolineaatc.cpp">
      <Filter>File di origine</Filter>
    </ClCompile>
    <ClCompile Include="pacchettoStatoLineaIXL.cpp">
      <Filter>File di origine</Filter>
    </ClCompile>
    <ClCompile Include="pacchettoStatoSegnali.cpp">
      <Filter>File di origine</Filter>
    </ClCompile>
    <ClCompile Include="utility.cpp">
      <Filter>File di origine</Filter>
    </ClCompile>
    <ClCompile Include="wdogcontrol.cpp">
      <Filter>File di origine</Filter>
    </ClCompile>
    <ClCompile Include="stateCDB.cpp">
      <Filter>File di origine</Filter>
    </ClCompile>
    <ClCompile Include="ProfiloVelocita.cpp">
      <Filter>File di origine</Filter>
    </ClCompile>
    <ClCompile Include="Mission.cpp">
      <Filter>File di origine</Filter>
    </ClCompile>
    <ClCompile Include="stateItinerario.cpp">
      <Filter>File di origine</Filter>
    </ClCompile>
    <ClCompile Include="stateSegnale.cpp">
      <Filter>File di origine</Filter>
    </ClCompile>
    <ClCompile Include="stateBlocco.cpp">
      <Filter>File di origine</Filter>
    </ClCompile>
    <ClCompile Include="Fault.cpp">
      <Filter>File di origine</Filter>
    </ClCompile>
    <ClCompile Include="pachettoStatoScudetti.cpp">
      <Filter>File di origine</Filter>
    </ClCompile>
    <ClCompile Include="stateScudetti.cpp">
      <Filter>File di origine</Filter>
    </ClCompile>
    <ClCompile Include="tableLayoutPanelSingleItin.cpp">
      <Filter>File di origine</Filter>
    </ClCompile>
    <ClCompile Include="MyForm1.cpp">
      <Filter>File di origine</Filter>
    </ClCompile>
    <ClCompile Include="binario.cpp">
      <Filter>File di origine</Filter>
    </ClCompile>
    <ClCompile Include="Itinerario.cpp">
      <Filter>File di origine</Filter>
    </ClCompile>
    <ClCompile Include="stazione.cpp">
      <Filter>File di origine</Filter>
    </ClCompile>
    <ClCompile Include="tabellaFermate.cpp">
      <Filter>File di origine</Filter>
    </ClCompile>
    <ClCompile Include="tabellaItinerari.cpp">
      <Filter>File di origine</Filter>
    </ClCompile>
    <ClCompile Include="tableLayoutPanelAllCDB.cpp">
      <Filter>File di origine</Filter>
    </ClCompile>
    <ClCompile Include="MyForm2.cpp">
      <Filter>File di origine</Filter>
    </ClCompile>
    <ClCompile Include="pacchettoMissionData.cpp">
      <Filter>File di origine</Filter>
    </ClCompile>
  </ItemGroup>
  <ItemGroup>
    <ClInclude Include="MyForm.h">
      <Filter>File di intestazione</Filter>
    </ClInclude>
    <ClInclude Include="tomWriterTraceListener.h">
      <Filter>File di intestazione</Filter>
    </ClInclude>
    <ClInclude Include="Form1.h">
      <Filter>File di intestazione</Filter>
    </ClInclude>
    <ClInclude Include="Messaggi.h">
      <Filter>File di intestazione</Filter>
    </ClInclude>
    <ClInclude Include="pacchettoAcknowledgement.h">
      <Filter>File di intestazione</Filter>
    </ClInclude>
    <ClInclude Include="pacchettoComandoBlocco.h">
      <Filter>File di intestazione</Filter>
    </ClInclude>
    <ClInclude Include="pacchettoComandoItinerari.h">
      <Filter>File di intestazione</Filter>
    </ClInclude>
    <ClInclude Include="pacchettoCommandData.h">
      <Filter>File di intestazione</Filter>
    </ClInclude>
    <ClInclude Include="pacchettoEnd.h">
      <Filter>File di intestazione</Filter>
    </ClInclude>
    <ClInclude Include="pacchettoFaultData.h">
      <Filter>File di intestazione</Filter>
    </ClInclude>
    <ClInclude Include="pacchettopresentazione.h">
      <Filter>File di intestazione</Filter>
    </ClInclude>
    <ClInclude Include="pacchettoStatoBlocco.h">
      <Filter>File di intestazione</Filter>
    </ClInclude>
    <ClInclude Include="pacchettoStatoItinerario.h">
      <Filter>File di intestazione</Filter>
    </ClInclude>
    <ClInclude Include="pacchettostatolineaatc.h">
      <Filter>File di intestazione</Filter>
    </ClInclude>
    <ClInclude Include="pacchettoStatoLineaIXL.h">
      <Filter>File di intestazione</Filter>
    </ClInclude>
    <ClInclude Include="pacchettoStatoSegnali.h">
      <Filter>File di intestazione</Filter>
    </ClInclude>
    <ClInclude Include="utility.h">
      <Filter>File di intestazione</Filter>
    </ClInclude>
    <ClInclude Include="wdogcontrol.h">
      <Filter>File di intestazione</Filter>
    </ClInclude>
    <ClInclude Include="stateCDB.h">
      <Filter>File di intestazione</Filter>
    </ClInclude>
    <ClInclude Include="ProfiloVelocita.h">
      <Filter>File di intestazione</Filter>
    </ClInclude>
    <ClInclude Include="Mission.h">
      <Filter>File di intestazione</Filter>
    </ClInclude>
    <ClInclude Include="stateItinerario.h">
      <Filter>File di intestazione</Filter>
    </ClInclude>
    <ClInclude Include="stateSegnale.h">
      <Filter>File di intestazione</Filter>
    </ClInclude>
    <ClInclude Include="stateBlocco.h">
      <Filter>File di intestazione</Filter>
    </ClInclude>
    <ClInclude Include="Fault.h">
      <Filter>File di intestazione</Filter>
    </ClInclude>
    <ClInclude Include="pachettoStatoScudetti.h">
      <Filter>File di intestazione</Filter>
    </ClInclude>
    <ClInclude Include="stateScudetti.h">
      <Filter>File di intestazione</Filter>
    </ClInclude>
    <ClInclude Include="tableLayoutPanelSingleItin.h">
      <Filter>File di intestazione</Filter>
    </ClInclude>
    <ClInclude Include="MyForm1.h">
      <Filter>File di intestazione</Filter>
    </ClInclude>
    <ClInclude Include="binario.h">
      <Filter>File di intestazione</Filter>
    </ClInclude>
    <ClInclude Include="Itinerario.h">
      <Filter>File di intestazione</Filter>
    </ClInclude>
    <ClInclude Include="stazione.h">
      <Filter>File di intestazione</Filter>
    </ClInclude>
    <ClInclude Include="tabellaFermate.h">
      <Filter>File di intestazione</Filter>
    </ClInclude>
    <ClInclude Include="tabellaItinerari.h">
      <Filter>File di intestazione</Filter>
    </ClInclude>
    <ClInclude Include="tableLayoutPanelAllCDB.h">
      <Filter>File di intestazione</Filter>
    </ClInclude>
    <ClInclude Include="MyForm2.h">
      <Filter>File di intestazione</Filter>
    </ClInclude>
    <ClInclude Include="pacchettoMissionData.h">
      <Filter>File di intestazione</Filter>
    </ClInclude>
  </ItemGroup>
  <ItemGroup>
    <EmbeddedResource Include="MyForm.resx">
      <Filter>File di risorse</Filter>
    </EmbeddedResource>
    <EmbeddedResource Include="Form1.resx">
      <Filter>File di risorse</Filter>
    </EmbeddedResource>
    <EmbeddedResource Include="MyForm1.resx">
      <Filter>File di risorse</Filter>
    </EmbeddedResource>
    <EmbeddedResource Include="MyForm2.resx">
      <Filter>File di risorse</Filter>
    </EmbeddedResource>
  </ItemGroup>
  <ItemGroup>
    <None Include="app.config" />
    <None Include="Converter1.aps" />
  </ItemGroup>
  <ItemGroup>
    <ResourceCompile Include="Converter2.rc">
      <Filter>File di risorse</Filter>
    </ResourceCompile>
  </ItemGroup>
</Project>